
Microsoft Visual Studio Solution File, Format Version 12.00
# Visual Studio Version 17
VisualStudioVersion = 17.1.32407.343
MinimumVisualStudioVersion = 10.0.40219.1
Project("{FAE04EC0-301F-11D3-BF4B-00C04F79EFBC}") = "MenuItemList", "MenuItemList\MenuItemList.csproj", "{50D38DED-A3B2-49DA-8354-BEBA5D9FC2E4}"
EndProject
Global
	GlobalSection(SolutionConfigurationPlatforms) = preSolution
		Debug|Any CPU = Debug|Any CPU
		Release|Any CPU = Release|Any CPU
	EndGlobalSection
	GlobalSection(ProjectConfigurationPlatforms) = postSolution
		{50D38DED-A3B2-49DA-8354-BEBA5D9FC2E4}.Debug|Any CPU.ActiveCfg = Debug|Any CPU
		{50D38DED-A3B2-49DA-8354-BEBA5D9FC2E4}.Debug|Any CPU.Build.0 = Debug|Any CPU
		{50D38DED-A3B2-49DA-8354-BEBA5D9FC2E4}.Release|Any CPU.ActiveCfg = Release|Any CPU
		{50D38DED-A3B2-49DA-8354-BEBA5D9FC2E4}.Release|Any CPU.Build.0 = Release|Any CPU
	EndGlobalSection
	GlobalSection(SolutionProperties) = preSolution
		HideSolutionNode = FALSE
	EndGlobalSection
	GlobalSection(ExtensibilityGlobals) = postSolution
		SolutionGuid = {B46D36BC-EAC5-49C4-9A56-AA644D133599}
	EndGlobalSection
EndGlobal
